
Microsoft Visual Studio Solution File, Format Version 12.00
# Visual Studio 15
VisualStudioVersion = 15.0.28307.271
MinimumVisualStudioVersion = 10.0.40219.1
Project("{FAE04EC0-301F-11D3-BF4B-00C04F79EFBC}") = "App6", "App6\App6.csproj", "{6FE9AE74-3B58-487B-B2CC-D210E71EDAD3}"
EndProject
Global
	GlobalSection(SolutionConfigurationPlatforms) = preSolution
		Debug|Any CPU = Debug|Any CPU
		Release|Any CPU = Release|Any CPU
	EndGlobalSection
	GlobalSection(ProjectConfigurationPlatforms) = postSolution
		{6FE9AE74-3B58-487B-B2CC-D210E71EDAD3}.Debug|Any CPU.ActiveCfg = Debug|Any CPU
		{6FE9AE74-3B58-487B-B2CC-D210E71EDAD3}.Debug|Any CPU.Build.0 = Debug|Any CPU
		{6FE9AE74-3B58-487B-B2CC-D210E71EDAD3}.Debug|Any CPU.Deploy.0 = Debug|Any CPU
		{6FE9AE74-3B58-487B-B2CC-D210E71EDAD3}.Release|Any CPU.ActiveCfg = Release|Any CPU
		{6FE9AE74-3B58-487B-B2CC-D210E71EDAD3}.Release|Any CPU.Build.0 = Release|Any CPU
		{6FE9AE74-3B58-487B-B2CC-D210E71EDAD3}.Release|Any CPU.Deploy.0 = Release|Any CPU
	EndGlobalSection
	GlobalSection(SolutionProperties) = preSolution
		HideSolutionNode = FALSE
	EndGlobalSection
	GlobalSection(ExtensibilityGlobals) = postSolution
		SolutionGuid = {AB073DEF-88C5-4777-A364-F64FE7087811}
	EndGlobalSection
EndGlobal
